Microsoft Visual Studio Solution File, Format Version 12.00
# Visual Studio Version 17
VisualStudioVersion = 17.5.2.0
MinimumVisualStudioVersion = 10.0.40219.1
Project("{FAE04EC0-301F-11D3-BF4B-00C04F79EFBC}") = "alias", "src\main\alias.csproj", "{562CCAA4-5EC8-862B-15E1-79DC2E611581}"
EndProject
Global
	GlobalSection(SolutionConfigurationPlatforms) = preSolution
		Debug|Any CPU = Debug|Any CPU
		Release|Any CPU = Release|Any CPU
	EndGlobalSection
	GlobalSection(ProjectConfigurationPlatforms) = postSolution
		{562CCAA4-5EC8-862B-15E1-79DC2E611581}.Debug|Any CPU.ActiveCfg = Debug|Any CPU
		{562CCAA4-5EC8-862B-15E1-79DC2E611581}.Debug|Any CPU.Build.0 = Debug|Any CPU
		{562CCAA4-5EC8-862B-15E1-79DC2E611581}.Release|Any CPU.ActiveCfg = Release|Any CPU
		{562CCAA4-5EC8-862B-15E1-79DC2E611581}.Release|Any CPU.Build.0 = Release|Any CPU
	EndGlobalSection
	GlobalSection(SolutionProperties) = preSolution
		HideSolutionNode = FALSE
	EndGlobalSection
	GlobalSection(ExtensibilityGlobals) = postSolution
		SolutionGuid = {F514E535-AD43-49DA-9D8A-639A75A437E8}
	EndGlobalSection
EndGlobal
